{
	"name": "y-to-close",
	"version": "0.0.1",
	"lockfileVersion": 3,
	"requires": true,
	"packages": {
		"": {
			"name": "y-to-close",
			"version": "0.0.1",
			"devDependencies": {
				"@vdegenne/mini-gamepad": "^0.2.2"
			}
		},
		"node_modules/@vdegenne/mini-gamepad": {
			"version": "0.2.2",
			"resolved": "https://registry.npmjs.org/@vdegenne/mini-gamepad/-/mini-gamepad-0.2.2.tgz",
			"integrity": "sha512-3b7OPNl/MzKO90ylLyvOtBhya4M9o4VAHNGuEu7XnYH20RwUvZaDeV5YtAdvF8mbfNGtuhCMmBZ98BwfdWFRmQ==",
			"dev": true
		}
	}
}
